
Microsoft Visual Studio Solution File, Format Version 12.00
# Visual Studio Version 17
VisualStudioVersion = 17.5.002.0
MinimumVisualStudioVersion = 10.0.40219.1
Project("{9A19103F-16F7-4668-BE54-9A1E7A4F7556}") = "Many_to_Many_Relationship", "Many_to_Many_Relationship.csproj", "{64BC6960-F242-425C-B302-810DFE32BA10}"
EndProject
Global
	GlobalSection(SolutionConfigurationPlatforms) = preSolution
		Debug|Any CPU = Debug|Any CPU
		Release|Any CPU = Release|Any CPU
	EndGlobalSection
	GlobalSection(ProjectConfigurationPlatforms) = postSolution
		{64BC6960-F242-425C-B302-810DFE32BA10}.Debug|Any CPU.ActiveCfg = Debug|Any CPU
		{64BC6960-F242-425C-B302-810DFE32BA10}.Debug|Any CPU.Build.0 = Debug|Any CPU
		{64BC6960-F242-425C-B302-810DFE32BA10}.Release|Any CPU.ActiveCfg = Release|Any CPU
		{64BC6960-F242-425C-B302-810DFE32BA10}.Release|Any CPU.Build.0 = Release|Any CPU
	EndGlobalSection
	GlobalSection(SolutionProperties) = preSolution
		HideSolutionNode = FALSE
	EndGlobalSection
	GlobalSection(ExtensibilityGlobals) = postSolution
		SolutionGuid = {96E3487D-4AC5-4268-9D3F-8243ED1B9EEA}
	EndGlobalSection
EndGlobal
