
Microsoft Visual Studio Solution File, Format Version 12.00
# Visual Studio Version 17
VisualStudioVersion = 17.5.002.0
MinimumVisualStudioVersion = 10.0.40219.1
Project("{9A19103F-16F7-4668-BE54-9A1E7A4F7556}") = "Data_Concurrency", "Data_Concurrency.csproj", "{B9C1E308-816E-44B3-A0BB-9D00599C0D04}"
EndProject
Global
	GlobalSection(SolutionConfigurationPlatforms) = preSolution
		Debug|Any CPU = Debug|Any CPU
		Release|Any CPU = Release|Any CPU
	EndGlobalSection
	GlobalSection(ProjectConfigurationPlatforms) = postSolution
		{B9C1E308-816E-44B3-A0BB-9D00599C0D04}.Debug|Any CPU.ActiveCfg = Debug|Any CPU
		{B9C1E308-816E-44B3-A0BB-9D00599C0D04}.Debug|Any CPU.Build.0 = Debug|Any CPU
		{B9C1E308-816E-44B3-A0BB-9D00599C0D04}.Release|Any CPU.ActiveCfg = Release|Any CPU
		{B9C1E308-816E-44B3-A0BB-9D00599C0D04}.Release|Any CPU.Build.0 = Release|Any CPU
	EndGlobalSection
	GlobalSection(SolutionProperties) = preSolution
		HideSolutionNode = FALSE
	EndGlobalSection
	GlobalSection(ExtensibilityGlobals) = postSolution
		SolutionGuid = {76B07505-2CE1-4A79-9434-20C96B147B21}
	EndGlobalSection
EndGlobal
